# This file is automatically @generated by Cargo.
# It is not intended for manual editing.
version = 3

[[package]]
name = "chameleon"
version = "0.1.0"
dependencies = [
 "macro_clap",
]

[[package]]
name = "macro_clap"
version = "0.1.0"
source = "registry+https://github.com/rust-lang/crates.io-index"
checksum = "c61a126e0c0009d42567bb006544b06695c0bc1c72d1b42b752ce0cad5278140"
